{
  "name": "react-native-tflite",
  "version": "0.0.2",
  "lockfileVersion": 1,
  "requires": true,
  "dependencies": {
    "@linclark/pkg": {
      "version": "1.0.3",
      "resolved": "https://registry.npmjs.org/@linclark/pkg/-/pkg-1.0.3.tgz",
      "integrity": "sha1-EFIsv2UpBwfGHLXWatGCIcikDbg="
    },
    "hek": {
      "version": "1.3.6",
      "resolved": "https://registry.npmjs.org/hek/-/hek-1.3.6.tgz",
      "integrity": "sha1-BmrSRVwwsPab6g+m+MpYN0XN9Wg=",
      "requires": {
        "@linclark/pkg": "1.0.3"
      }
    },
    "hoek": {
      "version": "5.0.3",
      "resolved": "https://registry.npmjs.org/hoek/-/hoek-5.0.3.tgz",
      "integrity": "sha512-Bmr56pxML1c9kU+NS51SMFkiVQAb+9uFfXwyqR2tn4w2FPvmPt65eZ9aCcEfRXd9G74HkZnILC6p967pED4aiw=="
    }
  }
}
